
Microsoft Visual Studio Solution File, Format Version 12.00
# Visual Studio 15
VisualStudioVersion = 15.0.28307.645
MinimumVisualStudioVersion = 10.0.40219.1
Project("{FAE04EC0-301F-11D3-BF4B-00C04F79EFBC}") = "FiasView", "FiasView\FiasView.csproj", "{2755281A-B4E3-4D26-AA0F-99A0E5ED376B}"
EndProject
Project("{FAE04EC0-301F-11D3-BF4B-00C04F79EFBC}") = "UnitTest", "UnitTest\UnitTest.csproj", "{528617BD-38B9-410E-9344-925A5EB5DC1A}"
EndProject
Global
	GlobalSection(SolutionConfigurationPlatforms) = preSolution
		Debug|Any CPU = Debug|Any CPU
		Release|Any CPU = Release|Any CPU
	EndGlobalSection
	GlobalSection(ProjectConfigurationPlatforms) = postSolution
		{2755281A-B4E3-4D26-AA0F-99A0E5ED376B}.Debug|Any CPU.ActiveCfg = Debug|Any CPU
		{2755281A-B4E3-4D26-AA0F-99A0E5ED376B}.Debug|Any CPU.Build.0 = Debug|Any CPU
		{2755281A-B4E3-4D26-AA0F-99A0E5ED376B}.Release|Any CPU.ActiveCfg = Release|Any CPU
		{2755281A-B4E3-4D26-AA0F-99A0E5ED376B}.Release|Any CPU.Build.0 = Release|Any CPU
		{528617BD-38B9-410E-9344-925A5EB5DC1A}.Debug|Any CPU.ActiveCfg = Debug|Any CPU
		{528617BD-38B9-410E-9344-925A5EB5DC1A}.Debug|Any CPU.Build.0 = Debug|Any CPU
		{528617BD-38B9-410E-9344-925A5EB5DC1A}.Release|Any CPU.ActiveCfg = Release|Any CPU
		{528617BD-38B9-410E-9344-925A5EB5DC1A}.Release|Any CPU.Build.0 = Release|Any CPU
	EndGlobalSection
	GlobalSection(SolutionProperties) = preSolution
		HideSolutionNode = FALSE
	EndGlobalSection
	GlobalSection(ExtensibilityGlobals) = postSolution
		SolutionGuid = {58264444-59E5-4B59-B674-F103812263F5}
	EndGlobalSection
EndGlobal
